
Microsoft Visual Studio Solution File, Format Version 12.00
# Visual Studio 2013
VisualStudioVersion = 12.0.21005.1
MinimumVisualStudioVersion = 10.0.40219.1
Project("{FAE04EC0-301F-11D3-BF4B-00C04F79EFBC}") = "Claro.SIACU.Web.WebApplication.Transac.Service", "Claro.SIACU.Web.WebApplication.Transac.Service\Claro.SIACU.Web.WebApplication.Transac.Service.csproj", "{AEAE4292-0352-4E9D-90E4-9B234AC1E4FB}"
	ProjectSection(ProjectDependencies) = postProject
		{9D7719E6-6665-41FB-A604-A4A9F87CEF28} = {9D7719E6-6665-41FB-A604-A4A9F87CEF28}
	EndProjectSection
EndProject
Project("{2150E333-8FDC-42A3-9474-1A3956D46DE8}") = "0. Binaries", "0. Binaries", "{B40C6822-8B27-4BF2-AB7A-2AE40786DC20}"
EndProject
Project("{2150E333-8FDC-42A3-9474-1A3956D46DE8}") = "1. Presentation", "1. Presentation", "{19C447A2-1DC8-48F6-B237-4AA38A0F7B25}"
EndProject
Project("{2150E333-8FDC-42A3-9474-1A3956D46DE8}") = "5. Transversal", "5. Transversal", "{84FC0DCD-2ACF-4CA5-83A4-71AAF7295303}"

EndProject
Project("{FAE04EC0-301F-11D3-BF4B-00C04F79EFBC}") = "Claro.Transversal.ProxyService", "Framework\Claro.Transversal.ProxyService\Claro.Transversal.ProxyService.csproj", "{8806C482-C9FD-4EF6-8C05-B329D5DDE295}"
EndProject
Project("{FAE04EC0-301F-11D3-BF4B-00C04F79EFBC}") = "Claro", "Framework\Claro\Claro.csproj", "{3126DD91-815A-4367-BB9E-8B241C73F4D0}"
EndProject
Project("{FAE04EC0-301F-11D3-BF4B-00C04F79EFBC}") = "Claro.Web", "Framework\Claro.Web\Claro.Web.csproj", "{1630F11C-9CAA-4A49-9BB2-7A3CCBA1CD17}"
EndProject
Project("{FAE04EC0-301F-11D3-BF4B-00C04F79EFBC}") = "Claro.SIACU", "Claro.SIACU\Claro.SIACU.csproj", "{0B643A37-2757-48E9-A3E7-C15561AA1B86}"
EndProject
Project("{FAE04EC0-301F-11D3-BF4B-00C04F79EFBC}") = "Claro.Entity", "Framework\Claro.Entity\Claro.Entity.csproj", "{5B432611-CD37-4A2B-BCBA-7509064E68BA}"
EndProject
Project("{FAE04EC0-301F-11D3-BF4B-00C04F79EFBC}") = "Claro.SAP", "Framework\Claro.SAP\Claro.SAP.csproj", "{44CE8749-C670-41D5-87FC-86980D61C0CF}"
EndProject
Project("{FAE04EC0-301F-11D3-BF4B-00C04F79EFBC}") = "Claro.Helpers", "Framework\Claro.Helpers\Claro.Helpers.csproj", "{30D05E88-1F9B-4E7E-895C-DF4CC60889A9}"
EndProject
Project("{FAE04EC0-301F-11D3-BF4B-00C04F79EFBC}") = "Claro.Security", "Framework\Claro.Security\Claro.Security.csproj", "{D558EA9E-478C-48D3-9C53-805C8F5669DB}"
EndProject
Project("{FAE04EC0-301F-11D3-BF4B-00C04F79EFBC}") = "Claro.Data", "Framework\Claro.Data\Claro.Data.csproj", "{7DC4FCDB-62D7-4151-957A-984FA98FCA74}"
EndProject
Project("{2150E333-8FDC-42A3-9474-1A3956D46DE8}") = "2. Distributed Services", "2. Distributed Services", "{92EE1F71-45A1-4304-9D4C-8F963840324C}"
EndProject
Project("{FAE04EC0-301F-11D3-BF4B-00C04F79EFBC}") = "Claro.SIACU.Web.Service.Transac.Service", "Claro.SIACU.Web.Service.Transac.Service\Claro.SIACU.Web.Service.Transac.Service.csproj", "{9D7719E6-6665-41FB-A604-A4A9F87CEF28}"
EndProject
Project("{2150E333-8FDC-42A3-9474-1A3956D46DE8}") = "3. Business", "3. Business", "{206B3DAF-DAA3-473F-99EF-B171726B21C4}"
EndProject
Project("{FAE04EC0-301F-11D3-BF4B-00C04F79EFBC}") = "Claro.SIACU.Business.Transac.Service", "Claro.SIACU.Business.Transac.Service\Claro.SIACU.Business.Transac.Service.csproj", "{DAB3BC52-D4A6-40DB-AE39-CB234C3EDEE2}"
EndProject
Project("{FAE04EC0-301F-11D3-BF4B-00C04F79EFBC}") = "Claro.SIACU.Entity.Transac.Service", "Claro.SIACU.Entity.Transac.Service\Claro.SIACU.Entity.Transac.Service.csproj", "{A3451836-32F9-44C8-8A63-498CFCC123B7}"
EndProject
Project("{2150E333-8FDC-42A3-9474-1A3956D46DE8}") = "4. Infraestructure", "4. Infraestructure", "{A7E65213-D8ED-46B3-8B24-F2888C1EC884}"
EndProject
Project("{FAE04EC0-301F-11D3-BF4B-00C04F79EFBC}") = "Claro.SIACU.Data.Transac.Service", "Claro.SIACU.Data.Transac.Service\Claro.SIACU.Data.Transac.Service.csproj", "{B7D80D29-9047-45E3-B27C-3D74AB52C298}"
EndProject
Project("{FAE04EC0-301F-11D3-BF4B-00C04F79EFBC}") = "Claro.SIACU.ProxyService.Transac.Service", "Claro.SIACU.ProxyService.Transac.Service\Claro.SIACU.ProxyService.Transac.Service.csproj", "{A1EFA9FD-D48D-4AFA-B8A4-A3CFC63CE2E4}"
EndProject
Project("{FAE04EC0-301F-11D3-BF4B-00C04F79EFBC}") = "Claro.SIACU.Transac.Service", "Claro.SIACU.Transac.Service\Claro.SIACU.Transac.Service.csproj", "{ACFF6010-8FF0-4812-A13A-A477F0C3AE61}"
EndProject
Project("{FAE04EC0-301F-11D3-BF4B-00C04F79EFBC}") = "Claro.SAP.Transac.Service", "Framework\Claro.SAP.Transac.Service\Claro.SAP.Transac.Service.csproj", "{DDE799CE-3743-4F44-AB4C-76B65AD3B0EC}"
EndProject
Project("{FAE04EC0-301F-11D3-BF4B-00C04F79EFBC}") = "Claro.Helpers.Transac.Service", "Claro.Helpers.Transac.Service\Claro.Helpers.Transac.Service.csproj", "{2B835114-A7FE-4D7C-B3B5-EB8A16DF3573}"
EndProject
Global
	GlobalSection(SolutionConfigurationPlatforms) = preSolution
		Debug|Any CPU = Debug|Any CPU
		Release|Any CPU = Release|Any CPU
	EndGlobalSection
	GlobalSection(ProjectConfigurationPlatforms) = postSolution
		{AEAE4292-0352-4E9D-90E4-9B234AC1E4FB}.Debug|Any CPU.ActiveCfg = Debug|Any CPU
		{AEAE4292-0352-4E9D-90E4-9B234AC1E4FB}.Debug|Any CPU.Build.0 = Debug|Any CPU
		{AEAE4292-0352-4E9D-90E4-9B234AC1E4FB}.Release|Any CPU.ActiveCfg = Release|Any CPU
		{AEAE4292-0352-4E9D-90E4-9B234AC1E4FB}.Release|Any CPU.Build.0 = Release|Any CPU
		{8806C482-C9FD-4EF6-8C05-B329D5DDE295}.Debug|Any CPU.ActiveCfg = Debug|Any CPU
		{8806C482-C9FD-4EF6-8C05-B329D5DDE295}.Debug|Any CPU.Build.0 = Debug|Any CPU
		{8806C482-C9FD-4EF6-8C05-B329D5DDE295}.Release|Any CPU.ActiveCfg = Release|Any CPU
		{8806C482-C9FD-4EF6-8C05-B329D5DDE295}.Release|Any CPU.Build.0 = Release|Any CPU
		{3126DD91-815A-4367-BB9E-8B241C73F4D0}.Debug|Any CPU.ActiveCfg = Debug|Any CPU
		{3126DD91-815A-4367-BB9E-8B241C73F4D0}.Debug|Any CPU.Build.0 = Debug|Any CPU
		{3126DD91-815A-4367-BB9E-8B241C73F4D0}.Release|Any CPU.ActiveCfg = Release|Any CPU
		{3126DD91-815A-4367-BB9E-8B241C73F4D0}.Release|Any CPU.Build.0 = Release|Any CPU
		{1630F11C-9CAA-4A49-9BB2-7A3CCBA1CD17}.Debug|Any CPU.ActiveCfg = Debug|Any CPU
		{1630F11C-9CAA-4A49-9BB2-7A3CCBA1CD17}.Debug|Any CPU.Build.0 = Debug|Any CPU
		{1630F11C-9CAA-4A49-9BB2-7A3CCBA1CD17}.Release|Any CPU.ActiveCfg = Release|Any CPU
		{1630F11C-9CAA-4A49-9BB2-7A3CCBA1CD17}.Release|Any CPU.Build.0 = Release|Any CPU
		{0B643A37-2757-48E9-A3E7-C15561AA1B86}.Debug|Any CPU.ActiveCfg = Debug|Any CPU
		{0B643A37-2757-48E9-A3E7-C15561AA1B86}.Debug|Any CPU.Build.0 = Debug|Any CPU
		{0B643A37-2757-48E9-A3E7-C15561AA1B86}.Release|Any CPU.ActiveCfg = Release|Any CPU
		{0B643A37-2757-48E9-A3E7-C15561AA1B86}.Release|Any CPU.Build.0 = Release|Any CPU
		{5B432611-CD37-4A2B-BCBA-7509064E68BA}.Debug|Any CPU.ActiveCfg = Debug|Any CPU
		{5B432611-CD37-4A2B-BCBA-7509064E68BA}.Debug|Any CPU.Build.0 = Debug|Any CPU
		{5B432611-CD37-4A2B-BCBA-7509064E68BA}.Release|Any CPU.ActiveCfg = Release|Any CPU
		{5B432611-CD37-4A2B-BCBA-7509064E68BA}.Release|Any CPU.Build.0 = Release|Any CPU
		{44CE8749-C670-41D5-87FC-86980D61C0CF}.Debug|Any CPU.ActiveCfg = Debug|Any CPU
		{44CE8749-C670-41D5-87FC-86980D61C0CF}.Debug|Any CPU.Build.0 = Debug|Any CPU
		{44CE8749-C670-41D5-87FC-86980D61C0CF}.Release|Any CPU.ActiveCfg = Release|Any CPU
		{44CE8749-C670-41D5-87FC-86980D61C0CF}.Release|Any CPU.Build.0 = Release|Any CPU
		{30D05E88-1F9B-4E7E-895C-DF4CC60889A9}.Debug|Any CPU.ActiveCfg = Debug|Any CPU
		{30D05E88-1F9B-4E7E-895C-DF4CC60889A9}.Debug|Any CPU.Build.0 = Debug|Any CPU
		{30D05E88-1F9B-4E7E-895C-DF4CC60889A9}.Release|Any CPU.ActiveCfg = Release|Any CPU
		{30D05E88-1F9B-4E7E-895C-DF4CC60889A9}.Release|Any CPU.Build.0 = Release|Any CPU
		{D558EA9E-478C-48D3-9C53-805C8F5669DB}.Debug|Any CPU.ActiveCfg = Debug|Any CPU
		{D558EA9E-478C-48D3-9C53-805C8F5669DB}.Debug|Any CPU.Build.0 = Debug|Any CPU
		{D558EA9E-478C-48D3-9C53-805C8F5669DB}.Release|Any CPU.ActiveCfg = Release|Any CPU
		{D558EA9E-478C-48D3-9C53-805C8F5669DB}.Release|Any CPU.Build.0 = Release|Any CPU
		{7DC4FCDB-62D7-4151-957A-984FA98FCA74}.Debug|Any CPU.ActiveCfg = Debug|Any CPU
		{7DC4FCDB-62D7-4151-957A-984FA98FCA74}.Debug|Any CPU.Build.0 = Debug|Any CPU
		{7DC4FCDB-62D7-4151-957A-984FA98FCA74}.Release|Any CPU.ActiveCfg = Release|Any CPU
		{7DC4FCDB-62D7-4151-957A-984FA98FCA74}.Release|Any CPU.Build.0 = Release|Any CPU
		{9D7719E6-6665-41FB-A604-A4A9F87CEF28}.Debug|Any CPU.ActiveCfg = Debug|Any CPU
		{9D7719E6-6665-41FB-A604-A4A9F87CEF28}.Debug|Any CPU.Build.0 = Debug|Any CPU
		{9D7719E6-6665-41FB-A604-A4A9F87CEF28}.Release|Any CPU.ActiveCfg = Release|Any CPU
		{9D7719E6-6665-41FB-A604-A4A9F87CEF28}.Release|Any CPU.Build.0 = Release|Any CPU
		{DAB3BC52-D4A6-40DB-AE39-CB234C3EDEE2}.Debug|Any CPU.ActiveCfg = Debug|Any CPU
		{DAB3BC52-D4A6-40DB-AE39-CB234C3EDEE2}.Debug|Any CPU.Build.0 = Debug|Any CPU
		{DAB3BC52-D4A6-40DB-AE39-CB234C3EDEE2}.Release|Any CPU.ActiveCfg = Release|Any CPU
		{DAB3BC52-D4A6-40DB-AE39-CB234C3EDEE2}.Release|Any CPU.Build.0 = Release|Any CPU
		{A3451836-32F9-44C8-8A63-498CFCC123B7}.Debug|Any CPU.ActiveCfg = Debug|Any CPU
		{A3451836-32F9-44C8-8A63-498CFCC123B7}.Debug|Any CPU.Build.0 = Debug|Any CPU
		{A3451836-32F9-44C8-8A63-498CFCC123B7}.Release|Any CPU.ActiveCfg = Release|Any CPU
		{A3451836-32F9-44C8-8A63-498CFCC123B7}.Release|Any CPU.Build.0 = Release|Any CPU
		{B7D80D29-9047-45E3-B27C-3D74AB52C298}.Debug|Any CPU.ActiveCfg = Debug|Any CPU
		{B7D80D29-9047-45E3-B27C-3D74AB52C298}.Debug|Any CPU.Build.0 = Debug|Any CPU
		{B7D80D29-9047-45E3-B27C-3D74AB52C298}.Release|Any CPU.ActiveCfg = Release|Any CPU
		{B7D80D29-9047-45E3-B27C-3D74AB52C298}.Release|Any CPU.Build.0 = Release|Any CPU
		{A1EFA9FD-D48D-4AFA-B8A4-A3CFC63CE2E4}.Debug|Any CPU.ActiveCfg = Debug|Any CPU
		{A1EFA9FD-D48D-4AFA-B8A4-A3CFC63CE2E4}.Debug|Any CPU.Build.0 = Debug|Any CPU
		{A1EFA9FD-D48D-4AFA-B8A4-A3CFC63CE2E4}.Release|Any CPU.ActiveCfg = Release|Any CPU
		{A1EFA9FD-D48D-4AFA-B8A4-A3CFC63CE2E4}.Release|Any CPU.Build.0 = Release|Any CPU
		{ACFF6010-8FF0-4812-A13A-A477F0C3AE61}.Debug|Any CPU.ActiveCfg = Debug|Any CPU
		{ACFF6010-8FF0-4812-A13A-A477F0C3AE61}.Debug|Any CPU.Build.0 = Debug|Any CPU
		{ACFF6010-8FF0-4812-A13A-A477F0C3AE61}.Release|Any CPU.ActiveCfg = Release|Any CPU
		{ACFF6010-8FF0-4812-A13A-A477F0C3AE61}.Release|Any CPU.Build.0 = Release|Any CPU
		{DDE799CE-3743-4F44-AB4C-76B65AD3B0EC}.Debug|Any CPU.ActiveCfg = Debug|Any CPU
		{DDE799CE-3743-4F44-AB4C-76B65AD3B0EC}.Debug|Any CPU.Build.0 = Debug|Any CPU
		{DDE799CE-3743-4F44-AB4C-76B65AD3B0EC}.Release|Any CPU.ActiveCfg = Release|Any CPU
		{DDE799CE-3743-4F44-AB4C-76B65AD3B0EC}.Release|Any CPU.Build.0 = Release|Any CPU
		{2B835114-A7FE-4D7C-B3B5-EB8A16DF3573}.Debug|Any CPU.ActiveCfg = Debug|Any CPU
		{2B835114-A7FE-4D7C-B3B5-EB8A16DF3573}.Debug|Any CPU.Build.0 = Debug|Any CPU
		{2B835114-A7FE-4D7C-B3B5-EB8A16DF3573}.Release|Any CPU.ActiveCfg = Release|Any CPU
		{2B835114-A7FE-4D7C-B3B5-EB8A16DF3573}.Release|Any CPU.Build.0 = Release|Any CPU
	EndGlobalSection
	GlobalSection(SolutionProperties) = preSolution
		HideSolutionNode = FALSE
	EndGlobalSection
	GlobalSection(NestedProjects) = preSolution
		{AEAE4292-0352-4E9D-90E4-9B234AC1E4FB} = {19C447A2-1DC8-48F6-B237-4AA38A0F7B25}
		{8806C482-C9FD-4EF6-8C05-B329D5DDE295} = {84FC0DCD-2ACF-4CA5-83A4-71AAF7295303}
		{3126DD91-815A-4367-BB9E-8B241C73F4D0} = {84FC0DCD-2ACF-4CA5-83A4-71AAF7295303}
		{1630F11C-9CAA-4A49-9BB2-7A3CCBA1CD17} = {84FC0DCD-2ACF-4CA5-83A4-71AAF7295303}
		{0B643A37-2757-48E9-A3E7-C15561AA1B86} = {84FC0DCD-2ACF-4CA5-83A4-71AAF7295303}
		{5B432611-CD37-4A2B-BCBA-7509064E68BA} = {84FC0DCD-2ACF-4CA5-83A4-71AAF7295303}
		{44CE8749-C670-41D5-87FC-86980D61C0CF} = {84FC0DCD-2ACF-4CA5-83A4-71AAF7295303}
		{30D05E88-1F9B-4E7E-895C-DF4CC60889A9} = {84FC0DCD-2ACF-4CA5-83A4-71AAF7295303}
		{D558EA9E-478C-48D3-9C53-805C8F5669DB} = {84FC0DCD-2ACF-4CA5-83A4-71AAF7295303}
		{7DC4FCDB-62D7-4151-957A-984FA98FCA74} = {84FC0DCD-2ACF-4CA5-83A4-71AAF7295303}
		{ACFF6010-8FF0-4812-A13A-A477F0C3AE61} = {84FC0DCD-2ACF-4CA5-83A4-71AAF7295303}
		{DDE799CE-3743-4F44-AB4C-76B65AD3B0EC} = {84FC0DCD-2ACF-4CA5-83A4-71AAF7295303}
		{2B835114-A7FE-4D7C-B3B5-EB8A16DF3573} = {84FC0DCD-2ACF-4CA5-83A4-71AAF7295303}
		{9D7719E6-6665-41FB-A604-A4A9F87CEF28} = {92EE1F71-45A1-4304-9D4C-8F963840324C}
		{DAB3BC52-D4A6-40DB-AE39-CB234C3EDEE2} = {206B3DAF-DAA3-473F-99EF-B171726B21C4}
		{A3451836-32F9-44C8-8A63-498CFCC123B7} = {206B3DAF-DAA3-473F-99EF-B171726B21C4}
		{B7D80D29-9047-45E3-B27C-3D74AB52C298} = {A7E65213-D8ED-46B3-8B24-F2888C1EC884}
		{A1EFA9FD-D48D-4AFA-B8A4-A3CFC63CE2E4} = {A7E65213-D8ED-46B3-8B24-F2888C1EC884}
	EndGlobalSection
EndGlobal
